
Microsoft Visual Studio Solution File, Format Version 12.00
# Visual Studio 2015
Project("{FAE04EC0-301F-11D3-BF4B-00C04F79EFBC}") = "Testes Autorama.CSharp", "Testes Autorama.CSharp.csproj", "{CC2862E4-DA86-3899-F5B7-D0E8CFBEB65A}"
EndProject
Global
	GlobalSection(SolutionConfigurationPlatforms) = preSolution
		Debug|Any CPU = Debug|Any CPU
		Release|Any CPU = Release|Any CPU
	EndGlobalSection
	GlobalSection(ProjectConfigurationPlatforms) = postSolution
		{CC2862E4-DA86-3899-F5B7-D0E8CFBEB65A}.Debug|Any CPU.ActiveCfg = Debug|Any CPU
		{CC2862E4-DA86-3899-F5B7-D0E8CFBEB65A}.Debug|Any CPU.Build.0 = Debug|Any CPU
		{CC2862E4-DA86-3899-F5B7-D0E8CFBEB65A}.Release|Any CPU.ActiveCfg = Release|Any CPU
		{CC2862E4-DA86-3899-F5B7-D0E8CFBEB65A}.Release|Any CPU.Build.0 = Release|Any CPU
	EndGlobalSection
	GlobalSection(SolutionProperties) = preSolution
		HideSolutionNode = FALSE
	EndGlobalSection
EndGlobal
